
Microsoft Visual Studio Solution File, Format Version 12.00
# Visual Studio Version 17
VisualStudioVersion = 17.13.35931.197 d17.13
MinimumVisualStudioVersion = 10.0.40219.1
Project("{FAE04EC0-301F-11D3-BF4B-00C04F79EFBC}") = "RentalStore", "RentalStore.csproj", "{460354FB-4023-4BCC-AD39-2A0C4697C264}"
EndProject
Global
	GlobalSection(SolutionConfigurationPlatforms) = preSolution
		Debug|Any CPU = Debug|Any CPU
		Release|Any CPU = Release|Any CPU
	EndGlobalSection
	GlobalSection(ProjectConfigurationPlatforms) = postSolution
		{460354FB-4023-4BCC-AD39-2A0C4697C264}.Debug|Any CPU.ActiveCfg = Debug|Any CPU
		{460354FB-4023-4BCC-AD39-2A0C4697C264}.Debug|Any CPU.Build.0 = Debug|Any CPU
		{460354FB-4023-4BCC-AD39-2A0C4697C264}.Release|Any CPU.ActiveCfg = Release|Any CPU
		{460354FB-4023-4BCC-AD39-2A0C4697C264}.Release|Any CPU.Build.0 = Release|Any CPU
	EndGlobalSection
	GlobalSection(SolutionProperties) = preSolution
		HideSolutionNode = FALSE
	EndGlobalSection
	GlobalSection(ExtensibilityGlobals) = postSolution
		SolutionGuid = {F8478B79-EEAA-4DA0-B714-D147B4BB747F}
	EndGlobalSection
EndGlobal
